// !$*UTF8*$!
{
	archiveVersion = 1;
	classes = {
	};
	objectVersion = 50;
	objects = {

/* Begin PBXBuildFile section */
		A116BF3422816F4000FA7267 /* AppDelegate.m in Sources */ = {isa = PBXBuildFile; fileRef = A116BF3322816F4000FA7267 /* AppDelegate.m */; };
		A116BF3722816F4000FA7267 /* ViewController.m in Sources */ = {isa = PBXBuildFile; fileRef = A116BF3622816F4000FA7267 /* ViewController.m */; };
		A116BF3A22816F4000FA7267 /* Main.storyboard in Resources */ = {isa = PBXBuildFile; fileRef = A116BF3822816F4000FA7267 /* Main.storyboard */; };
		A116BF3C22816F4100FA7267 /* Assets.xcassets in Resources */ = {isa = PBXBuildFile; fileRef = A116BF3B22816F4100FA7267 /* Assets.xcassets */; };
		A116BF3F22816F4100FA7267 /* LaunchScreen.storyboard in Resources */ = {isa = PBXBuildFile; fileRef = A116BF3D22816F4100FA7267 /* LaunchScreen.storyboard */; };
		A116BF4222816F4100FA7267 /* main.m in Sources */ = {isa = PBXBuildFile; fileRef = A116BF4122816F4100FA7267 /* main.m */; };
		A14736BB2283B1FA0072FA81 /* DustEffectView.m in Sources */ = {isa = PBXBuildFile; fileRef = A14736BA2283B1FA0072FA81 /* DustEffectView.m */; };
/* End PBXBuildFile section */

/* Begin PBXFileReference section */
		A116BF2F22816F4000FA7267 /* TTTT.app */ = {isa = PBXFileReference; explicitFileType = wrapper.application; includeInIndex = 0; path = TTTT.app; sourceTree = BUILT_PRODUCTS_DIR; };
		A116BF3222816F4000FA7267 /* AppDelegate.h */ = {isa = PBXFileReference; lastKnownFileType = sourcecode.c.h; path = AppDelegate.h; sourceTree = "<group>"; };
		A116BF3322816F4000FA7267 /* AppDelegate.m */ = {isa = PBXFileReference; lastKnownFileType = sourcecode.c.objc; path = AppDelegate.m; sourceTree = "<group>"; };
		A116BF3522816F4000FA7267 /* ViewController.h */ = {isa = PBXFileReference; lastKnownFileType = sourcecode.c.h; path = ViewController.h; sourceTree = "<group>"; };
		A116BF3622816F4000FA7267 /* ViewController.m */ = {isa = PBXFileReference; lastKnownFileType = sourcecode.c.objc; path = ViewController.m; sourceTree = "<group>"; };
		A116BF3922816F4000FA7267 /* Base */ = {isa = PBXFileReference; lastKnownFileType = file.storyboard; name = Base; path = Base.lproj/Main.storyboard; sourceTree = "<group>"; };
		A116BF3B22816F4100FA7267 /* Assets.xcassets */ = {isa = PBXFileReference; lastKnownFileType = folder.assetcatalog; path = Assets.xcassets; sourceTree = "<group>"; };
		A116BF3E22816F4100FA7267 /* Base */ = {isa = PBXFileReference; lastKnownFileType = file.storyboard; name = Base; path = Base.lproj/LaunchScreen.storyboard; sourceTree = "<group>"; };
		A116BF4022816F4100FA7267 /* Info.plist */ = {isa = PBXFileReference; lastKnownFileType = text.plist.xml; path = Info.plist; sourceTree = "<group>"; };
		A116BF4122816F4100FA7267 /* main.m */ = {isa = PBXFileReference; lastKnownFileType = sourcecode.c.objc; path = main.m; sourceTree = "<group>"; };
		A14736B92283B1FA0072FA81 /* DustEffectView.h */ = {isa = PBXFileReference; fileEncoding = 4; lastKnownFileType = sourcecode.c.h; path = DustEffectView.h; sourceTree = "<group>"; };
		A14736BA2283B1FA0072FA81 /* DustEffectView.m */ = {isa = PBXFileReference; fileEncoding = 4; lastKnownFileType = sourcecode.c.objc; path = DustEffectView.m; sourceTree = "<group>"; };
/* End PBXFileReference section */

/* Begin PBXFrameworksBuildPhase section */
		A116BF2C22816F4000FA7267 /* Frameworks */ = {
			isa = PBXFrameworksBuildPhase;
			buildActionMask = 2147483647;
			files = (
			);
			runOnlyForDeploymentPostprocessing = 0;
		};
/* End PBXFrameworksBuildPhase section */

/* Begin PBXGroup section */
		A116BF2622816F4000FA7267 = {
			isa = PBXGroup;
			children = (
				A116BF3122816F4000FA7267 /* TTTT */,
				A116BF3022816F4000FA7267 /* Products */,
			);
			sourceTree = "<group>";
		};
		A116BF3022816F4000FA7267 /* Products */ = {
			isa = PBXGroup;
			children = (
				A116BF2F22816F4000FA7267 /* TTTT.app */,
			);
			name = Products;
			sourceTree = "<group>";
		};
		A116BF3122816F4000FA7267 /* TTTT */ = {
			isa = PBXGroup;
			children = (
				A116BF3222816F4000FA7267 /* AppDelegate.h */,
				A116BF3322816F4000FA7267 /* AppDelegate.m */,
				A116BF3522816F4000FA7267 /* ViewController.h */,
				A116BF3622816F4000FA7267 /* ViewController.m */,
				A14736B92283B1FA0072FA81 /* DustEffectView.h */,
				A14736BA2283B1FA0072FA81 /* DustEffectView.m */,
				A116BF3822816F4000FA7267 /* Main.storyboard */,
				A116BF3B22816F4100FA7267 /* Assets.xcassets */,
				A116BF3D22816F4100FA7267 /* LaunchScreen.storyboard */,
				A116BF4022816F4100FA7267 /* Info.plist */,
				A116BF4122816F4100FA7267 /* main.m */,
			);
			path = TTTT;
			sourceTree = "<group>";
		};
/* End PBXGroup section */

/* Begin PBXNativeTarget section */
		A116BF2E22816F4000FA7267 /* TTTT */ = {
			isa = PBXNativeTarget;
			buildConfigurationList = A116BF4522816F4100FA7267 /* Build configuration list for PBXNativeTarget "TTTT" */;
			buildPhases = (
				A116BF2B22816F4000FA7267 /* Sources */,
				A116BF2C22816F4000FA7267 /* Frameworks */,
				A116BF2D22816F4000FA7267 /* Resources */,
			);
			buildRules = (
			);
			dependencies = (
			);
			name = TTTT;
			productName = TTTT;
			productReference = A116BF2F22816F4000FA7267 /* TTTT.app */;
			productType = "com.apple.product-type.application";
		};
/* End PBXNativeTarget section */

/* Begin PBXProject section */
		A116BF2722816F4000FA7267 /* Project object */ = {
			isa = PBXProject;
			attributes = {
				LastUpgradeCheck = 1020;
				ORGANIZATIONNAME = DR_Kun;
				TargetAttributes = {
					A116BF2E22816F4000FA7267 = {
						CreatedOnToolsVersion = 10.2.1;
					};
				};
			};
			buildConfigurationList = A116BF2A22816F4000FA7267 /* Build configuration list for PBXProject "TTTT" */;
			compatibilityVersion = "Xcode 9.3";
			developmentRegion = en;
			hasScannedForEncodings = 0;
			knownRegions = (
				en,
				Base,
			);
			mainGroup = A116BF2622816F4000FA7267;
			productRefGroup = A116BF3022816F4000FA7267 /* Products */;
			projectDirPath = "";
			projectRoot = "";
			targets = (
				A116BF2E22816F4000FA7267 /* TTTT */,
			);
		};
/* End PBXProject section */

/* Begin PBXResourcesBuildPhase section */
		A116BF2D22816F4000FA7267 /* Resources */ = {
			isa = PBXResourcesBuildPhase;
			buildActionMask = 2147483647;
			files = (
				A116BF3F22816F4100FA7267 /* LaunchScreen.storyboard in Resources */,
				A116BF3C22816F4100FA7267 /* Assets.xcassets in Resources */,
				A116BF3A22816F4000FA7267 /* Main.storyboard in Resources */,
			);
			runOnlyForDeploymentPostprocessing = 0;
		};
/* End PBXResourcesBuildPhase section */

/* Begin PBXSourcesBuildPhase section */
		A116BF2B22816F4000FA7267 /* Sources */ = {
			isa = PBXSourcesBuildPhase;
			buildActionMask = 2147483647;
			files = (
				A116BF3722816F4000FA7267 /* ViewController.m in Sources */,
				A116BF4222816F4100FA7267 /* main.m in Sources */,
				A116BF3422816F4000FA7267 /* AppDelegate.m in Sources */,
				A14736BB2283B1FA0072FA81 /* DustEffectView.m in Sources */,
			);
			runOnlyForDeploymentPostprocessing = 0;
		};
/* End PBXSourcesBuildPhase section */

/* Begin PBXVariantGroup section */
		A116BF3822816F4000FA7267 /* Main.storyboard */ = {
			isa = PBXVariantGroup;
			children = (
				A116BF3922816F4000FA7267 /* Base */,
			);
			name = Main.storyboard;
			sourceTree = "<group>";
		};
		A116BF3D22816F4100FA7267 /* LaunchScreen.storyboard */ = {
			isa = PBXVariantGroup;
			children = (
				A116BF3E22816F4100FA7267 /* Base */,
			);
			name = LaunchScreen.storyboard;
			sourceTree = "<group>";
		};
/* End PBXVariantGroup section */

/* Begin XCBuildConfiguration section */
		A116BF4322816F4100FA7267 /* Debug */ = {
			isa = XCBuildConfiguration;
			buildSettings = {
				ALWAYS_SEARCH_USER_PATHS = NO;
				CLANG_ANALYZER_NONNULL = YES;
				CLANG_ANALYZER_NUMBER_OBJECT_CONVERSION = YES_AGGRESSIVE;
				CLANG_CXX_LANGUAGE_STANDARD = "gnu++14";
				CLANG_CXX_LIBRARY = "libc++";
				CLANG_ENABLE_MODULES = YES;
				CLANG_ENABLE_OBJC_ARC = YES;
				CLANG_ENABLE_OBJC_WEAK = YES;
				CLANG_WARN_BLOCK_CAPTURE_AUTORELEASING = YES;
				CLANG_WARN_BOOL_CONVERSION = YES;
				CLANG_WARN_COMMA = YES;
				CLANG_WARN_CONSTANT_CONVERSION = YES;
				CLANG_WARN_DEPRECATED_OBJC_IMPLEMENTATIONS = YES;
				CLANG_WARN_DIRECT_OBJC_ISA_USAGE = YES_ERROR;
				CLANG_WARN_DOCUMENTATION_COMMENTS = YES;
				CLANG_WARN_EMPTY_BODY = YES;
				CLANG_WARN_ENUM_CONVERSION = YES;
				CLANG_WARN_INFINITE_RECURSION = YES;
				CLANG_WARN_INT_CONVERSION = YES;
				CLANG_WARN_NON_LITERAL_NULL_CONVERSION = YES;
				CLANG_WARN_OBJC_IMPLICIT_RETAIN_SELF = YES;
				CLANG_WARN_OBJC_LITERAL_CONVERSION = YES;
				CLANG_WARN_OBJC_ROOT_CLASS = YES_ERROR;
				CLANG_WARN_RANGE_LOOP_ANALYSIS = YES;
				CLANG_WARN_STRICT_PROTOTYPES = YES;
				CLANG_WARN_SUSPICIOUS_MOVE = YES;
				CLANG_WARN_UNGUARDED_AVAILABILITY = YES_AGGRESSIVE;
				CLANG_WARN_UNREACHABLE_CODE = YES;
				CLANG_WARN__DUPLICATE_METHOD_MATCH = YES;
				CODE_SIGN_IDENTITY = "iPhone Developer";
				COPY_PHASE_STRIP = NO;
				DEBUG_INFORMATION_FORMAT = dwarf;
				ENABLE_STRICT_OBJC_MSGSEND = YES;
				ENABLE_TESTABILITY = YES;
				GCC_C_LANGUAGE_STANDARD = gnu11;
				GCC_DYNAMIC_NO_PIC = NO;
				GCC_NO_COMMON_BLOCKS = YES;
				GCC_OPTIMIZATION_LEVEL = 0;
				GCC_PREPROCESSOR_DEFINITIONS = (
					"DEBUG=1",
					"$(inherited)",
				);
				GCC_WARN_64_TO_32_BIT_CONVERSION = YES;
				GCC_WARN_ABOUT_RETURN_TYPE = YES_ERROR;
				GCC_WARN_UNDECLARED_SELECTOR = YES;
				GCC_WARN_UNINITIALIZED_AUTOS = YES_AGGRESSIVE;
				GCC_WARN_UNUSED_FUNCTION = YES;
				GCC_WARN_UNUSED_VARIABLE = YES;
				IPHONEOS_DEPLOYMENT_TARGET = 12.2;
				MTL_ENABLE_DEBUG_INFO = INCLUDE_SOURCE;
				MTL_FAST_MATH = YES;
				ONLY_ACTIVE_ARCH = YES;
				SDKROOT = iphoneos;
			};
			name = Debug;
		};
		A116BF4422816F4100FA7267 /* Release */ = {
			isa = XCBuildConfiguration;
			buildSettings = {
				ALWAYS_SEARCH_USER_PATHS = NO;
				CLANG_ANALYZER_NONNULL = YES;
				CLANG_ANALYZER_NUMBER_OBJECT_CONVERSION = YES_AGGRESSIVE;
				CLANG_CXX_LANGUAGE_STANDARD = "gnu++14";
				CLANG_CXX_LIBRARY = "libc++";
				CLANG_ENABLE_MODULES = YES;
				CLANG_ENABLE_OBJC_ARC = YES;
				CLANG_ENABLE_OBJC_WEAK = YES;
				CLANG_WARN_BLOCK_CAPTURE_AUTORELEASING = YES;
				CLANG_WARN_BOOL_CONVERSION = YES;
				CLANG_WARN_COMMA = YES;
				CLANG_WARN_CONSTANT_CONVERSION = YES;
				CLANG_WARN_DEPRECATED_OBJC_IMPLEMENTATIONS = YES;
				CLANG_WARN_DIRECT_OBJC_ISA_USAGE = YES_ERROR;
				CLANG_WARN_DOCUMENTATION_COMMENTS = YES;
				CLANG_WARN_EMPTY_BODY = YES;
				CLANG_WARN_ENUM_CONVERSION = YES;
				CLANG_WARN_INFINITE_RECURSION = YES;
				CLANG_WARN_INT_CONVERSION = YES;
				CLANG_WARN_NON_LITERAL_NULL_CONVERSION = YES;
				CLANG_WARN_OBJC_IMPLICIT_RETAIN_SELF = YES;
				CLANG_WARN_OBJC_LITERAL_CONVERSION = YES;
				CLANG_WARN_OBJC_ROOT_CLASS = YES_ERROR;
				CLANG_WARN_RANGE_LOOP_ANALYSIS = YES;
				CLANG_WARN_STRICT_PROTOTYPES = YES;
				CLANG_WARN_SUSPICIOUS_MOVE = YES;
				CLANG_WARN_UNGUARDED_AVAILABILITY = YES_AGGRESSIVE;
				CLANG_WARN_UNREACHABLE_CODE = YES;
				CLANG_WARN__DUPLICATE_METHOD_MATCH = YES;
				CODE_SIGN_IDENTITY = "iPhone Developer";
				COPY_PHASE_STRIP = NO;
				DEBUG_INFORMATION_FORMAT = "dwarf-with-dsym";
				ENABLE_NS_ASSERTIONS = NO;
				ENABLE_STRICT_OBJC_MSGSEND = YES;
				GCC_C_LANGUAGE_STANDARD = gnu11;
				GCC_NO_COMMON_BLOCKS = YES;
				GCC_WARN_64_TO_32_BIT_CONVERSION = YES;
				GCC_WARN_ABOUT_RETURN_TYPE = YES_ERROR;
				GCC_WARN_UNDECLARED_SELECTOR = YES;
				GCC_WARN_UNINITIALIZED_AUTOS = YES_AGGRESSIVE;
				GCC_WARN_UNUSED_FUNCTION = YES;
				GCC_WARN_UNUSED_VARIABLE = YES;
				IPHONEOS_DEPLOYMENT_TARGET = 12.2;
				MTL_ENABLE_DEBUG_INFO = NO;
				MTL_FAST_MATH = YES;
				SDKROOT = iphoneos;
				VALIDATE_PRODUCT = YES;
			};
			name = Release;
		};
		A116BF4622816F4100FA7267 /* Debug */ = {
			isa = XCBuildConfiguration;
			buildSettings = {
				ASSETCATALOG_COMPILER_APPICON_NAME = AppIcon;
				CODE_SIGN_STYLE = Automatic;
				DEVELOPMENT_TEAM = J437U9AE67;
				INFOPLIST_FILE = TTTT/Info.plist;
				IPHONEOS_DEPLOYMENT_TARGET = 10.0;
				LD_RUNPATH_SEARCH_PATHS = (
					"$(inherited)",
					"@executable_path/Frameworks",
				);
				PRODUCT_BUNDLE_IDENTIFIER = com.kun.dr.TTTT;
				PRODUCT_NAME = "$(TARGET_NAME)";
				TARGETED_DEVICE_FAMILY = "1,2";
			};
			name = Debug;
		};
		A116BF4722816F4100FA7267 /* Release */ = {
			isa = XCBuildConfiguration;
			buildSettings = {
				ASSETCATALOG_COMPILER_APPICON_NAME = AppIcon;
				CODE_SIGN_STYLE = Automatic;
				DEVELOPMENT_TEAM = J437U9AE67;
				INFOPLIST_FILE = TTTT/Info.plist;
				IPHONEOS_DEPLOYMENT_TARGET = 10.0;
				LD_RUNPATH_SEARCH_PATHS = (
					"$(inherited)",
					"@executable_path/Frameworks",
				);
				PRODUCT_BUNDLE_IDENTIFIER = com.kun.dr.TTTT;
				PRODUCT_NAME = "$(TARGET_NAME)";
				TARGETED_DEVICE_FAMILY = "1,2";
			};
			name = Release;
		};
/* End XCBuildConfiguration section */

/* Begin XCConfigurationList section */
		A116BF2A22816F4000FA7267 /* Build configuration list for PBXProject "TTTT" */ = {
			isa = XCConfigurationList;
			buildConfigurations = (
				A116BF4322816F4100FA7267 /* Debug */,
				A116BF4422816F4100FA7267 /* Release */,
			);
			defaultConfigurationIsVisible = 0;
			defaultConfigurationName = Release;
		};
		A116BF4522816F4100FA7267 /* Build configuration list for PBXNativeTarget "TTTT" */ = {
			isa = XCConfigurationList;
			buildConfigurations = (
				A116BF4622816F4100FA7267 /* Debug */,
				A116BF4722816F4100FA7267 /* Release */,
			);
			defaultConfigurationIsVisible = 0;
			defaultConfigurationName = Release;
		};
/* End XCConfigurationList section */
	};
	rootObject = A116BF2722816F4000FA7267 /* Project object */;
}
